
Microsoft Visual Studio Solution File, Format Version 12.00
# Visual Studio 15
VisualStudioVersion = 15.0.27130.2036
MinimumVisualStudioVersion = 10.0.40219.1
Project("{00D1A9C2-B5F0-4AF3-8072-F6C62B433612}") = "TEST.WORK", "TEST.WORK\TEST.WORK.sqlproj", "{A8DC82EF-7703-46DE-AF9D-FDA45EC0FCAC}"
EndProject
Global
	GlobalSection(SolutionConfigurationPlatforms) = preSolution
		Debug|Any CPU = Debug|Any CPU
		Release|Any CPU = Release|Any CPU
	EndGlobalSection
	GlobalSection(ProjectConfigurationPlatforms) = postSolution
		{A8DC82EF-7703-46DE-AF9D-FDA45EC0FCAC}.Debug|Any CPU.ActiveCfg = Debug|Any CPU
		{A8DC82EF-7703-46DE-AF9D-FDA45EC0FCAC}.Debug|Any CPU.Build.0 = Debug|Any CPU
		{A8DC82EF-7703-46DE-AF9D-FDA45EC0FCAC}.Debug|Any CPU.Deploy.0 = Debug|Any CPU
		{A8DC82EF-7703-46DE-AF9D-FDA45EC0FCAC}.Release|Any CPU.ActiveCfg = Release|Any CPU
		{A8DC82EF-7703-46DE-AF9D-FDA45EC0FCAC}.Release|Any CPU.Build.0 = Release|Any CPU
		{A8DC82EF-7703-46DE-AF9D-FDA45EC0FCAC}.Release|Any CPU.Deploy.0 = Release|Any CPU
	EndGlobalSection
	GlobalSection(SolutionProperties) = preSolution
		HideSolutionNode = FALSE
	EndGlobalSection
	GlobalSection(ExtensibilityGlobals) = postSolution
		SolutionGuid = {882DFE4E-20F7-4870-B9D6-DF79141A9B77}
	EndGlobalSection
EndGlobal
